
Microsoft Visual Studio Solution File, Format Version 12.00
# Visual Studio Version 17
VisualStudioVersion = 17.1.32210.238
MinimumVisualStudioVersion = 10.0.40219.1
Project("{FAE04EC0-301F-11D3-BF4B-00C04F79EFBC}") = "BodoviNaVjezbama", "BodoviNaVjezbama\BodoviNaVjezbama.csproj", "{9ECDEF3A-B5AF-4628-944E-D1A249927B5D}"
EndProject
Global
	GlobalSection(SolutionConfigurationPlatforms) = preSolution
		Debug|Any CPU = Debug|Any CPU
		Release|Any CPU = Release|Any CPU
	EndGlobalSection
	GlobalSection(ProjectConfigurationPlatforms) = postSolution
		{9ECDEF3A-B5AF-4628-944E-D1A249927B5D}.Debug|Any CPU.ActiveCfg = Debug|Any CPU
		{9ECDEF3A-B5AF-4628-944E-D1A249927B5D}.Debug|Any CPU.Build.0 = Debug|Any CPU
		{9ECDEF3A-B5AF-4628-944E-D1A249927B5D}.Release|Any CPU.ActiveCfg = Release|Any CPU
		{9ECDEF3A-B5AF-4628-944E-D1A249927B5D}.Release|Any CPU.Build.0 = Release|Any CPU
	EndGlobalSection
	GlobalSection(SolutionProperties) = preSolution
		HideSolutionNode = FALSE
	EndGlobalSection
	GlobalSection(ExtensibilityGlobals) = postSolution
		SolutionGuid = {40ECA654-BC10-4474-86A4-E7ADC2327A16}
	EndGlobalSection
EndGlobal
