
Microsoft Visual Studio Solution File, Format Version 12.00
# Visual Studio Version 17
VisualStudioVersion = 17.1.32210.238
MinimumVisualStudioVersion = 10.0.40219.1
Project("{FAE04EC0-301F-11D3-BF4B-00C04F79EFBC}") = "Prvenstvo", "Prvenstvo\Prvenstvo.csproj", "{1996AA0B-7BBF-4AA1-9754-0854D8812D94}"
EndProject
Global
	GlobalSection(SolutionConfigurationPlatforms) = preSolution
		Debug|Any CPU = Debug|Any CPU
		Release|Any CPU = Release|Any CPU
	EndGlobalSection
	GlobalSection(ProjectConfigurationPlatforms) = postSolution
		{1996AA0B-7BBF-4AA1-9754-0854D8812D94}.Debug|Any CPU.ActiveCfg = Debug|Any CPU
		{1996AA0B-7BBF-4AA1-9754-0854D8812D94}.Debug|Any CPU.Build.0 = Debug|Any CPU
		{1996AA0B-7BBF-4AA1-9754-0854D8812D94}.Release|Any CPU.ActiveCfg = Release|Any CPU
		{1996AA0B-7BBF-4AA1-9754-0854D8812D94}.Release|Any CPU.Build.0 = Release|Any CPU
	EndGlobalSection
	GlobalSection(SolutionProperties) = preSolution
		HideSolutionNode = FALSE
	EndGlobalSection
	GlobalSection(ExtensibilityGlobals) = postSolution
		SolutionGuid = {1430D21E-47E8-4F61-BE0C-D7A3E4BDFB78}
	EndGlobalSection
EndGlobal
