
Microsoft Visual Studio Solution File, Format Version 12.00
# Visual Studio Version 17
VisualStudioVersion = 17.1.32210.238
MinimumVisualStudioVersion = 10.0.40219.1
Project("{FAE04EC0-301F-11D3-BF4B-00C04F79EFBC}") = "BankovnaTransakcija", "BankovnaTransakcija\BankovnaTransakcija.csproj", "{C47F9D3B-71D6-48B2-82E5-98F39E550164}"
EndProject
Global
	GlobalSection(SolutionConfigurationPlatforms) = preSolution
		Debug|Any CPU = Debug|Any CPU
		Release|Any CPU = Release|Any CPU
	EndGlobalSection
	GlobalSection(ProjectConfigurationPlatforms) = postSolution
		{C47F9D3B-71D6-48B2-82E5-98F39E550164}.Debug|Any CPU.ActiveCfg = Debug|Any CPU
		{C47F9D3B-71D6-48B2-82E5-98F39E550164}.Debug|Any CPU.Build.0 = Debug|Any CPU
		{C47F9D3B-71D6-48B2-82E5-98F39E550164}.Release|Any CPU.ActiveCfg = Release|Any CPU
		{C47F9D3B-71D6-48B2-82E5-98F39E550164}.Release|Any CPU.Build.0 = Release|Any CPU
	EndGlobalSection
	GlobalSection(SolutionProperties) = preSolution
		HideSolutionNode = FALSE
	EndGlobalSection
	GlobalSection(ExtensibilityGlobals) = postSolution
		SolutionGuid = {6449B770-893D-4D78-8D93-94344195ED79}
	EndGlobalSection
EndGlobal
